
Microsoft Visual Studio Solution File, Format Version 12.00
# Visual Studio Version 17
VisualStudioVersion = 17.14.36301.6 d17.14
MinimumVisualStudioVersion = 10.0.40219.1
Project("{FAE04EC0-301F-11D3-BF4B-00C04F79EFBC}") = "textSpelHampus", "textSpelHampus\textSpelHampus.csproj", "{908ADD40-153C-4EED-BC60-DE3661492CB0}"
EndProject
Global
	GlobalSection(SolutionConfigurationPlatforms) = preSolution
		Debug|Any CPU = Debug|Any CPU
		Release|Any CPU = Release|Any CPU
	EndGlobalSection
	GlobalSection(ProjectConfigurationPlatforms) = postSolution
		{908ADD40-153C-4EED-BC60-DE3661492CB0}.Debug|Any CPU.ActiveCfg = Debug|Any CPU
		{908ADD40-153C-4EED-BC60-DE3661492CB0}.Debug|Any CPU.Build.0 = Debug|Any CPU
		{908ADD40-153C-4EED-BC60-DE3661492CB0}.Release|Any CPU.ActiveCfg = Release|Any CPU
		{908ADD40-153C-4EED-BC60-DE3661492CB0}.Release|Any CPU.Build.0 = Release|Any CPU
	EndGlobalSection
	GlobalSection(SolutionProperties) = preSolution
		HideSolutionNode = FALSE
	EndGlobalSection
	GlobalSection(ExtensibilityGlobals) = postSolution
		SolutionGuid = {B8F7BC58-E5B7-45B1-87BD-226D34C0B93D}
	EndGlobalSection
EndGlobal
