
Microsoft Visual Studio Solution File, Format Version 12.00
# Visual Studio Version 17
VisualStudioVersion = 17.14.36301.6 d17.14
MinimumVisualStudioVersion = 10.0.40219.1
Project("{FAE04EC0-301F-11D3-BF4B-00C04F79EFBC}") = "uppgift 3", "uppgift 3\uppgift 3.csproj", "{D166CC61-AE49-4AC7-9F5A-C4B118D5D5A9}"
EndProject
Global
	GlobalSection(SolutionConfigurationPlatforms) = preSolution
		Debug|Any CPU = Debug|Any CPU
		Release|Any CPU = Release|Any CPU
	EndGlobalSection
	GlobalSection(ProjectConfigurationPlatforms) = postSolution
		{D166CC61-AE49-4AC7-9F5A-C4B118D5D5A9}.Debug|Any CPU.ActiveCfg = Debug|Any CPU
		{D166CC61-AE49-4AC7-9F5A-C4B118D5D5A9}.Debug|Any CPU.Build.0 = Debug|Any CPU
		{D166CC61-AE49-4AC7-9F5A-C4B118D5D5A9}.Release|Any CPU.ActiveCfg = Release|Any CPU
		{D166CC61-AE49-4AC7-9F5A-C4B118D5D5A9}.Release|Any CPU.Build.0 = Release|Any CPU
	EndGlobalSection
	GlobalSection(SolutionProperties) = preSolution
		HideSolutionNode = FALSE
	EndGlobalSection
	GlobalSection(ExtensibilityGlobals) = postSolution
		SolutionGuid = {957E4F30-F501-4AE0-B7A3-1DB2C0D2E4E5}
	EndGlobalSection
EndGlobal
